// !$*UTF8*$!
{
	archiveVersion = 1;
	classes = {
	};
	objectVersion = 77;
	objects = {

/* Begin PBXContainerItemProxy section */
		A84EAB0B2E03B3FA00F67CDC /* PBXContainerItemProxy */ = {
			isa = PBXContainerItemProxy;
			containerPortal = A84EAAF52E03B3F800F67CDC /* Project object */;
			proxyType = 1;
			remoteGlobalIDString = A84EAAFC2E03B3F800F67CDC;
			remoteInfo = YXSwiftUIXM;
		};
		A84EAB152E03B3FA00F67CDC /* PBXContainerItemProxy */ = {
			isa = PBXContainerItemProxy;
			containerPortal = A84EAAF52E03B3F800F67CDC /* Project object */;
			proxyType = 1;
			remoteGlobalIDString = A84EAAFC2E03B3F800F67CDC;
			remoteInfo = YXSwiftUIXM;
		};
/* End PBXContainerItemProxy section */

/* Begin PBXFileReference section */
		A84EAAFD2E03B3F800F67CDC /* YXSwiftUIXM.app */ = {isa = PBXFileReference; explicitFileType = wrapper.application; includeInIndex = 0; path = YXSwiftUIXM.app; sourceTree = BUILT_PRODUCTS_DIR; };
		A84EAB0A2E03B3FA00F67CDC /* YXSwiftUIXMTests.xctest */ = {isa = PBXFileReference; explicitFileType = wrapper.cfbundle; includeInIndex = 0; path = YXSwiftUIXMTests.xctest; sourceTree = BUILT_PRODUCTS_DIR; };
		A84EAB142E03B3FA00F67CDC /* YXSwiftUIXMUITests.xctest */ = {isa = PBXFileReference; explicitFileType = wrapper.cfbundle; includeInIndex = 0; path = YXSwiftUIXMUITests.xctest; sourceTree = BUILT_PRODUCTS_DIR; };
/* End PBXFileReference section */

/* Begin PBXFileSystemSynchronizedRootGroup section */
		A84EAAFF2E03B3F800F67CDC /* YXSwiftUIXM */ = {
			isa = PBXFileSystemSynchronizedRootGroup;
			path = YXSwiftUIXM;
			sourceTree = "<group>";
		};
		A84EAB0D2E03B3FA00F67CDC /* YXSwiftUIXMTests */ = {
			isa = PBXFileSystemSynchronizedRootGroup;
			path = YXSwiftUIXMTests;
			sourceTree = "<group>";
		};
		A84EAB172E03B3FA00F67CDC /* YXSwiftUIXMUITests */ = {
			isa = PBXFileSystemSynchronizedRootGroup;
			path = YXSwiftUIXMUITests;
			sourceTree = "<group>";
		};
/* End PBXFileSystemSynchronizedRootGroup section */

/* Begin PBXFrameworksBuildPhase section */
		A84EAAFA2E03B3F800F67CDC /* Frameworks */ = {
			isa = PBXFrameworksBuildPhase;
			buildActionMask = 2147483647;
			files = (
			);
			runOnlyForDeploymentPostprocessing = 0;
		};
		A84EAB072E03B3FA00F67CDC /* Frameworks */ = {
			isa = PBXFrameworksBuildPhase;
			buildActionMask = 2147483647;
			files = (
			);
			runOnlyForDeploymentPostprocessing = 0;
		};
		A84EAB112E03B3FA00F67CDC /* Frameworks */ = {
			isa = PBXFrameworksBuildPhase;
			buildActionMask = 2147483647;
			files = (
			);
			runOnlyForDeploymentPostprocessing = 0;
		};
/* End PBXFrameworksBuildPhase section */

/* Begin PBXGroup section */
		A84EAAF42E03B3F800F67CDC = {
			isa = PBXGroup;
			children = (
				A84EAAFF2E03B3F800F67CDC /* YXSwiftUIXM */,
				A84EAB0D2E03B3FA00F67CDC /* YXSwiftUIXMTests */,
				A84EAB172E03B3FA00F67CDC /* YXSwiftUIXMUITests */,
				A84EAAFE2E03B3F800F67CDC /* Products */,
			);
			sourceTree = "<group>";
		};
		A84EAAFE2E03B3F800F67CDC /* Products */ = {
			isa = PBXGroup;
			children = (
				A84EAAFD2E03B3F800F67CDC /* YXSwiftUIXM.app */,
				A84EAB0A2E03B3FA00F67CDC /* YXSwiftUIXMTests.xctest */,
				A84EAB142E03B3FA00F67CDC /* YXSwiftUIXMUITests.xctest */,
			);
			name = Products;
			sourceTree = "<group>";
		};
/* End PBXGroup section */

/* Begin PBXNativeTarget section */
		A84EAAFC2E03B3F800F67CDC /* YXSwiftUIXM */ = {
			isa = PBXNativeTarget;
			buildConfigurationList = A84EAB1E2E03B3FA00F67CDC /* Build configuration list for PBXNativeTarget "YXSwiftUIXM" */;
			buildPhases = (
				A84EAAF92E03B3F800F67CDC /* Sources */,
				A84EAAFA2E03B3F800F67CDC /* Frameworks */,
				A84EAAFB2E03B3F800F67CDC /* Resources */,
			);
			buildRules = (
			);
			dependencies = (
			);
			fileSystemSynchronizedGroups = (
				A84EAAFF2E03B3F800F67CDC /* YXSwiftUIXM */,
			);
			name = YXSwiftUIXM;
			packageProductDependencies = (
			);
			productName = YXSwiftUIXM;
			productReference = A84EAAFD2E03B3F800F67CDC /* YXSwiftUIXM.app */;
			productType = "com.apple.product-type.application";
		};
		A84EAB092E03B3FA00F67CDC /* YXSwiftUIXMTests */ = {
			isa = PBXNativeTarget;
			buildConfigurationList = A84EAB212E03B3FA00F67CDC /* Build configuration list for PBXNativeTarget "YXSwiftUIXMTests" */;
			buildPhases = (
				A84EAB062E03B3FA00F67CDC /* Sources */,
				A84EAB072E03B3FA00F67CDC /* Frameworks */,
				A84EAB082E03B3FA00F67CDC /* Resources */,
			);
			buildRules = (
			);
			dependencies = (
				A84EAB0C2E03B3FA00F67CDC /* PBXTargetDependency */,
			);
			fileSystemSynchronizedGroups = (
				A84EAB0D2E03B3FA00F67CDC /* YXSwiftUIXMTests */,
			);
			name = YXSwiftUIXMTests;
			packageProductDependencies = (
			);
			productName = YXSwiftUIXMTests;
			productReference = A84EAB0A2E03B3FA00F67CDC /* YXSwiftUIXMTests.xctest */;
			productType = "com.apple.product-type.bundle.unit-test";
		};
		A84EAB132E03B3FA00F67CDC /* YXSwiftUIXMUITests */ = {
			isa = PBXNativeTarget;
			buildConfigurationList = A84EAB242E03B3FA00F67CDC /* Build configuration list for PBXNativeTarget "YXSwiftUIXMUITests" */;
			buildPhases = (
				A84EAB102E03B3FA00F67CDC /* Sources */,
				A84EAB112E03B3FA00F67CDC /* Frameworks */,
				A84EAB122E03B3FA00F67CDC /* Resources */,
			);
			buildRules = (
			);
			dependencies = (
				A84EAB162E03B3FA00F67CDC /* PBXTargetDependency */,
			);
			fileSystemSynchronizedGroups = (
				A84EAB172E03B3FA00F67CDC /* YXSwiftUIXMUITests */,
			);
			name = YXSwiftUIXMUITests;
			packageProductDependencies = (
			);
			productName = YXSwiftUIXMUITests;
			productReference = A84EAB142E03B3FA00F67CDC /* YXSwiftUIXMUITests.xctest */;
			productType = "com.apple.product-type.bundle.ui-testing";
		};
/* End PBXNativeTarget section */

/* Begin PBXProject section */
		A84EAAF52E03B3F800F67CDC /* Project object */ = {
			isa = PBXProject;
			attributes = {
				BuildIndependentTargetsInParallel = 1;
				LastSwiftUpdateCheck = 1640;
				LastUpgradeCheck = 1640;
				TargetAttributes = {
					A84EAAFC2E03B3F800F67CDC = {
						CreatedOnToolsVersion = 16.4;
					};
					A84EAB092E03B3FA00F67CDC = {
						CreatedOnToolsVersion = 16.4;
						TestTargetID = A84EAAFC2E03B3F800F67CDC;
					};
					A84EAB132E03B3FA00F67CDC = {
						CreatedOnToolsVersion = 16.4;
						TestTargetID = A84EAAFC2E03B3F800F67CDC;
					};
				};
			};
			buildConfigurationList = A84EAAF82E03B3F800F67CDC /* Build configuration list for PBXProject "YXSwiftUIXM" */;
			developmentRegion = en;
			hasScannedForEncodings = 0;
			knownRegions = (
				en,
				Base,
			);
			mainGroup = A84EAAF42E03B3F800F67CDC;
			minimizedProjectReferenceProxies = 1;
			preferredProjectObjectVersion = 77;
			productRefGroup = A84EAAFE2E03B3F800F67CDC /* Products */;
			projectDirPath = "";
			projectRoot = "";
			targets = (
				A84EAAFC2E03B3F800F67CDC /* YXSwiftUIXM */,
				A84EAB092E03B3FA00F67CDC /* YXSwiftUIXMTests */,
				A84EAB132E03B3FA00F67CDC /* YXSwiftUIXMUITests */,
			);
		};
/* End PBXProject section */

/* Begin PBXResourcesBuildPhase section */
		A84EAAFB2E03B3F800F67CDC /* Resources */ = {
			isa = PBXResourcesBuildPhase;
			buildActionMask = 2147483647;
			files = (
			);
			runOnlyForDeploymentPostprocessing = 0;
		};
		A84EAB082E03B3FA00F67CDC /* Resources */ = {
			isa = PBXResourcesBuildPhase;
			buildActionMask = 2147483647;
			files = (
			);
			runOnlyForDeploymentPostprocessing = 0;
		};
		A84EAB122E03B3FA00F67CDC /* Resources */ = {
			isa = PBXResourcesBuildPhase;
			buildActionMask = 2147483647;
			files = (
			);
			runOnlyForDeploymentPostprocessing = 0;
		};
/* End PBXResourcesBuildPhase section */

/* Begin PBXSourcesBuildPhase section */
		A84EAAF92E03B3F800F67CDC /* Sources */ = {
			isa = PBXSourcesBuildPhase;
			buildActionMask = 2147483647;
			files = (
			);
			runOnlyForDeploymentPostprocessing = 0;
		};
		A84EAB062E03B3FA00F67CDC /* Sources */ = {
			isa = PBXSourcesBuildPhase;
			buildActionMask = 2147483647;
			files = (
			);
			runOnlyForDeploymentPostprocessing = 0;
		};
		A84EAB102E03B3FA00F67CDC /* Sources */ = {
			isa = PBXSourcesBuildPhase;
			buildActionMask = 2147483647;
			files = (
			);
			runOnlyForDeploymentPostprocessing = 0;
		};
/* End PBXSourcesBuildPhase section */

/* Begin PBXTargetDependency section */
		A84EAB0C2E03B3FA00F67CDC /* PBXTargetDependency */ = {
			isa = PBXTargetDependency;
			target = A84EAAFC2E03B3F800F67CDC /* YXSwiftUIXM */;
			targetProxy = A84EAB0B2E03B3FA00F67CDC /* PBXContainerItemProxy */;
		};
		A84EAB162E03B3FA00F67CDC /* PBXTargetDependency */ = {
			isa = PBXTargetDependency;
			target = A84EAAFC2E03B3F800F67CDC /* YXSwiftUIXM */;
			targetProxy = A84EAB152E03B3FA00F67CDC /* PBXContainerItemProxy */;
		};
/* End PBXTargetDependency section */

/* Begin XCBuildConfiguration section */
		A84EAB1C2E03B3FA00F67CDC /* Debug */ = {
			isa = XCBuildConfiguration;
			buildSettings = {
				ALWAYS_SEARCH_USER_PATHS = NO;
				ASSETCATALOG_COMPILER_GENERATE_SWIFT_ASSET_SYMBOL_EXTENSIONS = YES;
				CLANG_ANALYZER_NONNULL = YES;
				CLANG_ANALYZER_NUMBER_OBJECT_CONVERSION = YES_AGGRESSIVE;
				CLANG_CXX_LANGUAGE_STANDARD = "gnu++20";
				CLANG_ENABLE_MODULES = YES;
				CLANG_ENABLE_OBJC_ARC = YES;
				CLANG_ENABLE_OBJC_WEAK = YES;
				CLANG_WARN_BLOCK_CAPTURE_AUTORELEASING = YES;
				CLANG_WARN_BOOL_CONVERSION = YES;
				CLANG_WARN_COMMA = YES;
				CLANG_WARN_CONSTANT_CONVERSION = YES;
				CLANG_WARN_DEPRECATED_OBJC_IMPLEMENTATIONS = YES;
				CLANG_WARN_DIRECT_OBJC_ISA_USAGE = YES_ERROR;
				CLANG_WARN_DOCUMENTATION_COMMENTS = YES;
				CLANG_WARN_EMPTY_BODY = YES;
				CLANG_WARN_ENUM_CONVERSION = YES;
				CLANG_WARN_INFINITE_RECURSION = YES;
				CLANG_WARN_INT_CONVERSION = YES;
				CLANG_WARN_NON_LITERAL_NULL_CONVERSION = YES;
				CLANG_WARN_OBJC_IMPLICIT_RETAIN_SELF = YES;
				CLANG_WARN_OBJC_LITERAL_CONVERSION = YES;
				CLANG_WARN_OBJC_ROOT_CLASS = YES_ERROR;
				CLANG_WARN_QUOTED_INCLUDE_IN_FRAMEWORK_HEADER = YES;
				CLANG_WARN_RANGE_LOOP_ANALYSIS = YES;
				CLANG_WARN_STRICT_PROTOTYPES = YES;
				CLANG_WARN_SUSPICIOUS_MOVE = YES;
				CLANG_WARN_UNGUARDED_AVAILABILITY = YES_AGGRESSIVE;
				CLANG_WARN_UNREACHABLE_CODE = YES;
				CLANG_WARN__DUPLICATE_METHOD_MATCH = YES;
				COPY_PHASE_STRIP = NO;
				DEBUG_INFORMATION_FORMAT = dwarf;
				ENABLE_STRICT_OBJC_MSGSEND = YES;
				ENABLE_TESTABILITY = YES;
				ENABLE_USER_SCRIPT_SANDBOXING = YES;
				GCC_C_LANGUAGE_STANDARD = gnu17;
				GCC_DYNAMIC_NO_PIC = NO;
				GCC_NO_COMMON_BLOCKS = YES;
				GCC_OPTIMIZATION_LEVEL = 0;
				GCC_PREPROCESSOR_DEFINITIONS = (
					"DEBUG=1",
					"$(inherited)",
				);
				GCC_WARN_64_TO_32_BIT_CONVERSION = YES;
				GCC_WARN_ABOUT_RETURN_TYPE = YES_ERROR;
				GCC_WARN_UNDECLARED_SELECTOR = YES;
				GCC_WARN_UNINITIALIZED_AUTOS = YES_AGGRESSIVE;
				GCC_WARN_UNUSED_FUNCTION = YES;
				GCC_WARN_UNUSED_VARIABLE = YES;
				IPHONEOS_DEPLOYMENT_TARGET = 18.5;
				LOCALIZATION_PREFERS_STRING_CATALOGS = YES;
				MTL_ENABLE_DEBUG_INFO = INCLUDE_SOURCE;
				MTL_FAST_MATH = YES;
				ONLY_ACTIVE_ARCH = YES;
				SDKROOT = iphoneos;
				SWIFT_ACTIVE_COMPILATION_CONDITIONS = "DEBUG $(inherited)";
				SWIFT_OPTIMIZATION_LEVEL = "-Onone";
			};
			name = Debug;
		};
		A84EAB1D2E03B3FA00F67CDC /* Release */ = {
			isa = XCBuildConfiguration;
			buildSettings = {
				ALWAYS_SEARCH_USER_PATHS = NO;
				ASSETCATALOG_COMPILER_GENERATE_SWIFT_ASSET_SYMBOL_EXTENSIONS = YES;
				CLANG_ANALYZER_NONNULL = YES;
				CLANG_ANALYZER_NUMBER_OBJECT_CONVERSION = YES_AGGRESSIVE;
				CLANG_CXX_LANGUAGE_STANDARD = "gnu++20";
				CLANG_ENABLE_MODULES = YES;
				CLANG_ENABLE_OBJC_ARC = YES;
				CLANG_ENABLE_OBJC_WEAK = YES;
				CLANG_WARN_BLOCK_CAPTURE_AUTORELEASING = YES;
				CLANG_WARN_BOOL_CONVERSION = YES;
				CLANG_WARN_COMMA = YES;
				CLANG_WARN_CONSTANT_CONVERSION = YES;
				CLANG_WARN_DEPRECATED_OBJC_IMPLEMENTATIONS = YES;
				CLANG_WARN_DIRECT_OBJC_ISA_USAGE = YES_ERROR;
				CLANG_WARN_DOCUMENTATION_COMMENTS = YES;
				CLANG_WARN_EMPTY_BODY = YES;
				CLANG_WARN_ENUM_CONVERSION = YES;
				CLANG_WARN_INFINITE_RECURSION = YES;
				CLANG_WARN_INT_CONVERSION = YES;
				CLANG_WARN_NON_LITERAL_NULL_CONVERSION = YES;
				CLANG_WARN_OBJC_IMPLICIT_RETAIN_SELF = YES;
				CLANG_WARN_OBJC_LITERAL_CONVERSION = YES;
				CLANG_WARN_OBJC_ROOT_CLASS = YES_ERROR;
				CLANG_WARN_QUOTED_INCLUDE_IN_FRAMEWORK_HEADER = YES;
				CLANG_WARN_RANGE_LOOP_ANALYSIS = YES;
				CLANG_WARN_STRICT_PROTOTYPES = YES;
				CLANG_WARN_SUSPICIOUS_MOVE = YES;
				CLANG_WARN_UNGUARDED_AVAILABILITY = YES_AGGRESSIVE;
				CLANG_WARN_UNREACHABLE_CODE = YES;
				CLANG_WARN__DUPLICATE_METHOD_MATCH = YES;
				COPY_PHASE_STRIP = NO;
				DEBUG_INFORMATION_FORMAT = "dwarf-with-dsym";
				ENABLE_NS_ASSERTIONS = NO;
				ENABLE_STRICT_OBJC_MSGSEND = YES;
				ENABLE_USER_SCRIPT_SANDBOXING = YES;
				GCC_C_LANGUAGE_STANDARD = gnu17;
				GCC_NO_COMMON_BLOCKS = YES;
				GCC_WARN_64_TO_32_BIT_CONVERSION = YES;
				GCC_WARN_ABOUT_RETURN_TYPE = YES_ERROR;
				GCC_WARN_UNDECLARED_SELECTOR = YES;
				GCC_WARN_UNINITIALIZED_AUTOS = YES_AGGRESSIVE;
				GCC_WARN_UNUSED_FUNCTION = YES;
				GCC_WARN_UNUSED_VARIABLE = YES;
				IPHONEOS_DEPLOYMENT_TARGET = 18.5;
				LOCALIZATION_PREFERS_STRING_CATALOGS = YES;
				MTL_ENABLE_DEBUG_INFO = NO;
				MTL_FAST_MATH = YES;
				SDKROOT = iphoneos;
				SWIFT_COMPILATION_MODE = wholemodule;
				VALIDATE_PRODUCT = YES;
			};
			name = Release;
		};
		A84EAB1F2E03B3FA00F67CDC /* Debug */ = {
			isa = XCBuildConfiguration;
			buildSettings = {
				ASSETCATALOG_COMPILER_APPICON_NAME = AppIcon;
				ASSETCATALOG_COMPILER_GLOBAL_ACCENT_COLOR_NAME = AccentColor;
				CODE_SIGN_STYLE = Automatic;
				CURRENT_PROJECT_VERSION = 1;
				DEVELOPMENT_TEAM = W3KLYJYA46;
				ENABLE_PREVIEWS = YES;
				GENERATE_INFOPLIST_FILE = YES;
				INFOPLIST_KEY_UIApplicationSceneManifest_Generation = YES;
				INFOPLIST_KEY_UIApplicationSupportsIndirectInputEvents = YES;
				INFOPLIST_KEY_UILaunchScreen_Generation = YES;
				INFOPLIST_KEY_UISupportedInterfaceOrientations_iPad = "UIInterfaceOrientationPortrait UIInterfaceOrientationPortraitUpsideDown UIInterfaceOrientationLandscapeLeft UIInterfaceOrientationLandscapeRight";
				INFOPLIST_KEY_UISupportedInterfaceOrientations_iPhone = "UIInterfaceOrientationPortrait UIInterfaceOrientationLandscapeLeft UIInterfaceOrientationLandscapeRight";
				LD_RUNPATH_SEARCH_PATHS = (
					"$(inherited)",
					"@executable_path/Frameworks",
				);
				MARKETING_VERSION = 1.0;
				PRODUCT_BUNDLE_IDENTIFIER = com.aaa.abc.login.YXSwiftUIXM;
				PRODUCT_NAME = "$(TARGET_NAME)";
				SWIFT_EMIT_LOC_STRINGS = YES;
				SWIFT_VERSION = 5.0;
				TARGETED_DEVICE_FAMILY = "1,2";
			};
			name = Debug;
		};
		A84EAB202E03B3FA00F67CDC /* Release */ = {
			isa = XCBuildConfiguration;
			buildSettings = {
				ASSETCATALOG_COMPILER_APPICON_NAME = AppIcon;
				ASSETCATALOG_COMPILER_GLOBAL_ACCENT_COLOR_NAME = AccentColor;
				CODE_SIGN_STYLE = Automatic;
				CURRENT_PROJECT_VERSION = 1;
				DEVELOPMENT_TEAM = W3KLYJYA46;
				ENABLE_PREVIEWS = YES;
				GENERATE_INFOPLIST_FILE = YES;
				INFOPLIST_KEY_UIApplicationSceneManifest_Generation = YES;
				INFOPLIST_KEY_UIApplicationSupportsIndirectInputEvents = YES;
				INFOPLIST_KEY_UILaunchScreen_Generation = YES;
				INFOPLIST_KEY_UISupportedInterfaceOrientations_iPad = "UIInterfaceOrientationPortrait UIInterfaceOrientationPortraitUpsideDown UIInterfaceOrientationLandscapeLeft UIInterfaceOrientationLandscapeRight";
				INFOPLIST_KEY_UISupportedInterfaceOrientations_iPhone = "UIInterfaceOrientationPortrait UIInterfaceOrientationLandscapeLeft UIInterfaceOrientationLandscapeRight";
				LD_RUNPATH_SEARCH_PATHS = (
					"$(inherited)",
					"@executable_path/Frameworks",
				);
				MARKETING_VERSION = 1.0;
				PRODUCT_BUNDLE_IDENTIFIER = com.aaa.abc.login.YXSwiftUIXM;
				PRODUCT_NAME = "$(TARGET_NAME)";
				SWIFT_EMIT_LOC_STRINGS = YES;
				SWIFT_VERSION = 5.0;
				TARGETED_DEVICE_FAMILY = "1,2";
			};
			name = Release;
		};
		A84EAB222E03B3FA00F67CDC /* Debug */ = {
			isa = XCBuildConfiguration;
			buildSettings = {
				BUNDLE_LOADER = "$(TEST_HOST)";
				CODE_SIGN_STYLE = Automatic;
				CURRENT_PROJECT_VERSION = 1;
				GENERATE_INFOPLIST_FILE = YES;
				IPHONEOS_DEPLOYMENT_TARGET = 18.5;
				MARKETING_VERSION = 1.0;
				PRODUCT_BUNDLE_IDENTIFIER = com.aaa.abc.login.YXSwiftUIXMTests;
				PRODUCT_NAME = "$(TARGET_NAME)";
				SWIFT_EMIT_LOC_STRINGS = NO;
				SWIFT_VERSION = 5.0;
				TARGETED_DEVICE_FAMILY = "1,2";
				TEST_HOST = "$(BUILT_PRODUCTS_DIR)/YXSwiftUIXM.app/$(BUNDLE_EXECUTABLE_FOLDER_PATH)/YXSwiftUIXM";
			};
			name = Debug;
		};
		A84EAB232E03B3FA00F67CDC /* Release */ = {
			isa = XCBuildConfiguration;
			buildSettings = {
				BUNDLE_LOADER = "$(TEST_HOST)";
				CODE_SIGN_STYLE = Automatic;
				CURRENT_PROJECT_VERSION = 1;
				GENERATE_INFOPLIST_FILE = YES;
				IPHONEOS_DEPLOYMENT_TARGET = 18.5;
				MARKETING_VERSION = 1.0;
				PRODUCT_BUNDLE_IDENTIFIER = com.aaa.abc.login.YXSwiftUIXMTests;
				PRODUCT_NAME = "$(TARGET_NAME)";
				SWIFT_EMIT_LOC_STRINGS = NO;
				SWIFT_VERSION = 5.0;
				TARGETED_DEVICE_FAMILY = "1,2";
				TEST_HOST = "$(BUILT_PRODUCTS_DIR)/YXSwiftUIXM.app/$(BUNDLE_EXECUTABLE_FOLDER_PATH)/YXSwiftUIXM";
			};
			name = Release;
		};
		A84EAB252E03B3FA00F67CDC /* Debug */ = {
			isa = XCBuildConfiguration;
			buildSettings = {
				CODE_SIGN_STYLE = Automatic;
				CURRENT_PROJECT_VERSION = 1;
				GENERATE_INFOPLIST_FILE = YES;
				MARKETING_VERSION = 1.0;
				PRODUCT_BUNDLE_IDENTIFIER = com.aaa.abc.login.YXSwiftUIXMUITests;
				PRODUCT_NAME = "$(TARGET_NAME)";
				SWIFT_EMIT_LOC_STRINGS = NO;
				SWIFT_VERSION = 5.0;
				TARGETED_DEVICE_FAMILY = "1,2";
				TEST_TARGET_NAME = YXSwiftUIXM;
			};
			name = Debug;
		};
		A84EAB262E03B3FA00F67CDC /* Release */ = {
			isa = XCBuildConfiguration;
			buildSettings = {
				CODE_SIGN_STYLE = Automatic;
				CURRENT_PROJECT_VERSION = 1;
				GENERATE_INFOPLIST_FILE = YES;
				MARKETING_VERSION = 1.0;
				PRODUCT_BUNDLE_IDENTIFIER = com.aaa.abc.login.YXSwiftUIXMUITests;
				PRODUCT_NAME = "$(TARGET_NAME)";
				SWIFT_EMIT_LOC_STRINGS = NO;
				SWIFT_VERSION = 5.0;
				TARGETED_DEVICE_FAMILY = "1,2";
				TEST_TARGET_NAME = YXSwiftUIXM;
			};
			name = Release;
		};
/* End XCBuildConfiguration section */

/* Begin XCConfigurationList section */
		A84EAAF82E03B3F800F67CDC /* Build configuration list for PBXProject "YXSwiftUIXM" */ = {
			isa = XCConfigurationList;
			buildConfigurations = (
				A84EAB1C2E03B3FA00F67CDC /* Debug */,
				A84EAB1D2E03B3FA00F67CDC /* Release */,
			);
			defaultConfigurationIsVisible = 0;
			defaultConfigurationName = Release;
		};
		A84EAB1E2E03B3FA00F67CDC /* Build configuration list for PBXNativeTarget "YXSwiftUIXM" */ = {
			isa = XCConfigurationList;
			buildConfigurations = (
				A84EAB1F2E03B3FA00F67CDC /* Debug */,
				A84EAB202E03B3FA00F67CDC /* Release */,
			);
			defaultConfigurationIsVisible = 0;
			defaultConfigurationName = Release;
		};
		A84EAB212E03B3FA00F67CDC /* Build configuration list for PBXNativeTarget "YXSwiftUIXMTests" */ = {
			isa = XCConfigurationList;
			buildConfigurations = (
				A84EAB222E03B3FA00F67CDC /* Debug */,
				A84EAB232E03B3FA00F67CDC /* Release */,
			);
			defaultConfigurationIsVisible = 0;
			defaultConfigurationName = Release;
		};
		A84EAB242E03B3FA00F67CDC /* Build configuration list for PBXNativeTarget "YXSwiftUIXMUITests" */ = {
			isa = XCConfigurationList;
			buildConfigurations = (
				A84EAB252E03B3FA00F67CDC /* Debug */,
				A84EAB262E03B3FA00F67CDC /* Release */,
			);
			defaultConfigurationIsVisible = 0;
			defaultConfigurationName = Release;
		};
/* End XCConfigurationList section */
	};
	rootObject = A84EAAF52E03B3F800F67CDC /* Project object */;
}
